// !$*UTF8*$!
{
	archiveVersion = 1;
	classes = {
	};
	objectVersion = 46;
	objects = {

/* Begin PBXBuildFile section */
		82A976A31E9F794300AB5922 /* HYDownloader.m in Sources */ = {isa = PBXBuildFile; fileRef = 82A976A21E9F794300AB5922 /* HYDownloader.m */; };
		82E0BF071E9B6C0400260F2F /* main.m in Sources */ = {isa = PBXBuildFile; fileRef = 82E0BF061E9B6C0400260F2F /* main.m */; };
		82E0BF0A1E9B6C0400260F2F /* AppDelegate.m in Sources */ = {isa = PBXBuildFile; fileRef = 82E0BF091E9B6C0400260F2F /* AppDelegate.m */; };
		82E0BF0D1E9B6C0400260F2F /* ViewController.m in Sources */ = {isa = PBXBuildFile; fileRef = 82E0BF0C1E9B6C0400260F2F /* ViewController.m */; };
		82E0BF101E9B6C0400260F2F /* Main.storyboard in Resources */ = {isa = PBXBuildFile; fileRef = 82E0BF0E1E9B6C0400260F2F /* Main.storyboard */; };
		82E0BF121E9B6C0400260F2F /* Assets.xcassets in Resources */ = {isa = PBXBuildFile; fileRef = 82E0BF111E9B6C0400260F2F /* Assets.xcassets */; };
		82E0BF151E9B6C0400260F2F /* LaunchScreen.storyboard in Resources */ = {isa = PBXBuildFile; fileRef = 82E0BF131E9B6C0400260F2F /* LaunchScreen.storyboard */; };
		82F0741B1EA0D592006307B9 /* HYDownloaderManager.m in Sources */ = {isa = PBXBuildFile; fileRef = 82F0741A1EA0D592006307B9 /* HYDownloaderManager.m */; };
/* End PBXBuildFile section */

/* Begin PBXFileReference section */
		82A976A11E9F794300AB5922 /* HYDownloader.h */ = {isa = PBXFileReference; fileEncoding = 4; lastKnownFileType = sourcecode.c.h; path = HYDownloader.h; sourceTree = "<group>"; };
		82A976A21E9F794300AB5922 /* HYDownloader.m */ = {isa = PBXFileReference; fileEncoding = 4; lastKnownFileType = sourcecode.c.objc; path = HYDownloader.m; sourceTree = "<group>"; };
		82E0BF021E9B6C0400260F2F /* DownloaderDemo.app */ = {isa = PBXFileReference; explicitFileType = wrapper.application; includeInIndex = 0; path = DownloaderDemo.app; sourceTree = BUILT_PRODUCTS_DIR; };
		82E0BF061E9B6C0400260F2F /* main.m */ = {isa = PBXFileReference; lastKnownFileType = sourcecode.c.objc; path = main.m; sourceTree = "<group>"; };
		82E0BF081E9B6C0400260F2F /* AppDelegate.h */ = {isa = PBXFileReference; lastKnownFileType = sourcecode.c.h; path = AppDelegate.h; sourceTree = "<group>"; };
		82E0BF091E9B6C0400260F2F /* AppDelegate.m */ = {isa = PBXFileReference; lastKnownFileType = sourcecode.c.objc; path = AppDelegate.m; sourceTree = "<group>"; };
		82E0BF0B1E9B6C0400260F2F /* ViewController.h */ = {isa = PBXFileReference; lastKnownFileType = sourcecode.c.h; path = ViewController.h; sourceTree = "<group>"; };
		82E0BF0C1E9B6C0400260F2F /* ViewController.m */ = {isa = PBXFileReference; lastKnownFileType = sourcecode.c.objc; path = ViewController.m; sourceTree = "<group>"; };
		82E0BF0F1E9B6C0400260F2F /* Base */ = {isa = PBXFileReference; lastKnownFileType = file.storyboard; name = Base; path = Base.lproj/Main.storyboard; sourceTree = "<group>"; };
		82E0BF111E9B6C0400260F2F /* Assets.xcassets */ = {isa = PBXFileReference; lastKnownFileType = folder.assetcatalog; path = Assets.xcassets; sourceTree = "<group>"; };
		82E0BF141E9B6C0400260F2F /* Base */ = {isa = PBXFileReference; lastKnownFileType = file.storyboard; name = Base; path = Base.lproj/LaunchScreen.storyboard; sourceTree = "<group>"; };
		82E0BF161E9B6C0400260F2F /* Info.plist */ = {isa = PBXFileReference; lastKnownFileType = text.plist.xml; path = Info.plist; sourceTree = "<group>"; };
		82F074191EA0D592006307B9 /* HYDownloaderManager.h */ = {isa = PBXFileReference; fileEncoding = 4; lastKnownFileType = sourcecode.c.h; path = HYDownloaderManager.h; sourceTree = "<group>"; };
		82F0741A1EA0D592006307B9 /* HYDownloaderManager.m */ = {isa = PBXFileReference; fileEncoding = 4; lastKnownFileType = sourcecode.c.objc; path = HYDownloaderManager.m; sourceTree = "<group>"; };
/* End PBXFileReference section */

/* Begin PBXFrameworksBuildPhase section */
		82E0BEFF1E9B6C0400260F2F /* Frameworks */ = {
			isa = PBXFrameworksBuildPhase;
			buildActionMask = 2147483647;
			files = (
			);
			runOnlyForDeploymentPostprocessing = 0;
		};
/* End PBXFrameworksBuildPhase section */

/* Begin PBXGroup section */
		82E0BEF91E9B6C0400260F2F = {
			isa = PBXGroup;
			children = (
				82E0BF041E9B6C0400260F2F /* DownloaderDemo */,
				82E0BF031E9B6C0400260F2F /* Products */,
			);
			sourceTree = "<group>";
		};
		82E0BF031E9B6C0400260F2F /* Products */ = {
			isa = PBXGroup;
			children = (
				82E0BF021E9B6C0400260F2F /* DownloaderDemo.app */,
			);
			name = Products;
			sourceTree = "<group>";
		};
		82E0BF041E9B6C0400260F2F /* DownloaderDemo */ = {
			isa = PBXGroup;
			children = (
				82E0BF081E9B6C0400260F2F /* AppDelegate.h */,
				82E0BF091E9B6C0400260F2F /* AppDelegate.m */,
				82E0BF0B1E9B6C0400260F2F /* ViewController.h */,
				82E0BF0C1E9B6C0400260F2F /* ViewController.m */,
				82A976A11E9F794300AB5922 /* HYDownloader.h */,
				82A976A21E9F794300AB5922 /* HYDownloader.m */,
				82F074191EA0D592006307B9 /* HYDownloaderManager.h */,
				82F0741A1EA0D592006307B9 /* HYDownloaderManager.m */,
				82E0BF0E1E9B6C0400260F2F /* Main.storyboard */,
				82E0BF111E9B6C0400260F2F /* Assets.xcassets */,
				82E0BF131E9B6C0400260F2F /* LaunchScreen.storyboard */,
				82E0BF161E9B6C0400260F2F /* Info.plist */,
				82E0BF051E9B6C0400260F2F /* Supporting Files */,
			);
			path = DownloaderDemo;
			sourceTree = "<group>";
		};
		82E0BF051E9B6C0400260F2F /* Supporting Files */ = {
			isa = PBXGroup;
			children = (
				82E0BF061E9B6C0400260F2F /* main.m */,
			);
			name = "Supporting Files";
			sourceTree = "<group>";
		};
/* End PBXGroup section */

/* Begin PBXNativeTarget section */
		82E0BF011E9B6C0400260F2F /* DownloaderDemo */ = {
			isa = PBXNativeTarget;
			buildConfigurationList = 82E0BF191E9B6C0400260F2F /* Build configuration list for PBXNativeTarget "DownloaderDemo" */;
			buildPhases = (
				82E0BEFE1E9B6C0400260F2F /* Sources */,
				82E0BEFF1E9B6C0400260F2F /* Frameworks */,
				82E0BF001E9B6C0400260F2F /* Resources */,
			);
			buildRules = (
			);
			dependencies = (
			);
			name = DownloaderDemo;
			productName = DownloaderDemo;
			productReference = 82E0BF021E9B6C0400260F2F /* DownloaderDemo.app */;
			productType = "com.apple.product-type.application";
		};
/* End PBXNativeTarget section */

/* Begin PBXProject section */
		82E0BEFA1E9B6C0400260F2F /* Project object */ = {
			isa = PBXProject;
			attributes = {
				LastUpgradeCheck = 0830;
				ORGANIZATIONNAME = ccoop;
				TargetAttributes = {
					82E0BF011E9B6C0400260F2F = {
						CreatedOnToolsVersion = 8.3;
						DevelopmentTeam = B7DSM4C9Q2;
						ProvisioningStyle = Automatic;
					};
				};
			};
			buildConfigurationList = 82E0BEFD1E9B6C0400260F2F /* Build configuration list for PBXProject "DownloaderDemo" */;
			compatibilityVersion = "Xcode 3.2";
			developmentRegion = English;
			hasScannedForEncodings = 0;
			knownRegions = (
				en,
				Base,
			);
			mainGroup = 82E0BEF91E9B6C0400260F2F;
			productRefGroup = 82E0BF031E9B6C0400260F2F /* Products */;
			projectDirPath = "";
			projectRoot = "";
			targets = (
				82E0BF011E9B6C0400260F2F /* DownloaderDemo */,
			);
		};
/* End PBXProject section */

/* Begin PBXResourcesBuildPhase section */
		82E0BF001E9B6C0400260F2F /* Resources */ = {
			isa = PBXResourcesBuildPhase;
			buildActionMask = 2147483647;
			files = (
				82E0BF151E9B6C0400260F2F /* LaunchScreen.storyboard in Resources */,
				82E0BF121E9B6C0400260F2F /* Assets.xcassets in Resources */,
				82E0BF101E9B6C0400260F2F /* Main.storyboard in Resources */,
			);
			runOnlyForDeploymentPostprocessing = 0;
		};
/* End PBXResourcesBuildPhase section */

/* Begin PBXSourcesBuildPhase section */
		82E0BEFE1E9B6C0400260F2F /* Sources */ = {
			isa = PBXSourcesBuildPhase;
			buildActionMask = 2147483647;
			files = (
				82E0BF0D1E9B6C0400260F2F /* ViewController.m in Sources */,
				82E0BF0A1E9B6C0400260F2F /* AppDelegate.m in Sources */,
				82F0741B1EA0D592006307B9 /* HYDownloaderManager.m in Sources */,
				82A976A31E9F794300AB5922 /* HYDownloader.m in Sources */,
				82E0BF071E9B6C0400260F2F /* main.m in Sources */,
			);
			runOnlyForDeploymentPostprocessing = 0;
		};
/* End PBXSourcesBuildPhase section */

/* Begin PBXVariantGroup section */
		82E0BF0E1E9B6C0400260F2F /* Main.storyboard */ = {
			isa = PBXVariantGroup;
			children = (
				82E0BF0F1E9B6C0400260F2F /* Base */,
			);
			name = Main.storyboard;
			sourceTree = "<group>";
		};
		82E0BF131E9B6C0400260F2F /* LaunchScreen.storyboard */ = {
			isa = PBXVariantGroup;
			children = (
				82E0BF141E9B6C0400260F2F /* Base */,
			);
			name = LaunchScreen.storyboard;
			sourceTree = "<group>";
		};
/* End PBXVariantGroup section */

/* Begin XCBuildConfiguration section */
		82E0BF171E9B6C0400260F2F /* Debug */ = {
			isa = XCBuildConfiguration;
			buildSettings = {
				ALWAYS_SEARCH_USER_PATHS = NO;
				CLANG_ANALYZER_NONNULL = YES;
				CLANG_ANALYZER_NUMBER_OBJECT_CONVERSION = YES_AGGRESSIVE;
				CLANG_CXX_LANGUAGE_STANDARD = "gnu++0x";
				CLANG_CXX_LIBRARY = "libc++";
				CLANG_ENABLE_MODULES = YES;
				CLANG_ENABLE_OBJC_ARC = YES;
				CLANG_WARN_BOOL_CONVERSION = YES;
				CLANG_WARN_CONSTANT_CONVERSION = YES;
				CLANG_WARN_DIRECT_OBJC_ISA_USAGE = YES_ERROR;
				CLANG_WARN_DOCUMENTATION_COMMENTS = YES;
				CLANG_WARN_EMPTY_BODY = YES;
				CLANG_WARN_ENUM_CONVERSION = YES;
				CLANG_WARN_INFINITE_RECURSION = YES;
				CLANG_WARN_INT_CONVERSION = YES;
				CLANG_WARN_OBJC_ROOT_CLASS = YES_ERROR;
				CLANG_WARN_SUSPICIOUS_MOVE = YES;
				CLANG_WARN_UNREACHABLE_CODE = YES;
				CLANG_WARN__DUPLICATE_METHOD_MATCH = YES;
				"CODE_SIGN_IDENTITY[sdk=iphoneos*]" = "iPhone Developer";
				COPY_PHASE_STRIP = NO;
				DEBUG_INFORMATION_FORMAT = dwarf;
				ENABLE_STRICT_OBJC_MSGSEND = YES;
				ENABLE_TESTABILITY = YES;
				GCC_C_LANGUAGE_STANDARD = gnu99;
				GCC_DYNAMIC_NO_PIC = NO;
				GCC_NO_COMMON_BLOCKS = YES;
				GCC_OPTIMIZATION_LEVEL = 0;
				GCC_PREPROCESSOR_DEFINITIONS = (
					"DEBUG=1",
					"$(inherited)",
				);
				GCC_WARN_64_TO_32_BIT_CONVERSION = YES;
				GCC_WARN_ABOUT_RETURN_TYPE = YES_ERROR;
				GCC_WARN_UNDECLARED_SELECTOR = YES;
				GCC_WARN_UNINITIALIZED_AUTOS = YES_AGGRESSIVE;
				GCC_WARN_UNUSED_FUNCTION = YES;
				GCC_WARN_UNUSED_VARIABLE = YES;
				IPHONEOS_DEPLOYMENT_TARGET = 10.3;
				MTL_ENABLE_DEBUG_INFO = YES;
				ONLY_ACTIVE_ARCH = YES;
				SDKROOT = iphoneos;
			};
			name = Debug;
		};
		82E0BF181E9B6C0400260F2F /* Release */ = {
			isa = XCBuildConfiguration;
			buildSettings = {
				ALWAYS_SEARCH_USER_PATHS = NO;
				CLANG_ANALYZER_NONNULL = YES;
				CLANG_ANALYZER_NUMBER_OBJECT_CONVERSION = YES_AGGRESSIVE;
				CLANG_CXX_LANGUAGE_STANDARD = "gnu++0x";
				CLANG_CXX_LIBRARY = "libc++";
				CLANG_ENABLE_MODULES = YES;
				CLANG_ENABLE_OBJC_ARC = YES;
				CLANG_WARN_BOOL_CONVERSION = YES;
				CLANG_WARN_CONSTANT_CONVERSION = YES;
				CLANG_WARN_DIRECT_OBJC_ISA_USAGE = YES_ERROR;
				CLANG_WARN_DOCUMENTATION_COMMENTS = YES;
				CLANG_WARN_EMPTY_BODY = YES;
				CLANG_WARN_ENUM_CONVERSION = YES;
				CLANG_WARN_INFINITE_RECURSION = YES;
				CLANG_WARN_INT_CONVERSION = YES;
				CLANG_WARN_OBJC_ROOT_CLASS = YES_ERROR;
				CLANG_WARN_SUSPICIOUS_MOVE = YES;
				CLANG_WARN_UNREACHABLE_CODE = YES;
				CLANG_WARN__DUPLICATE_METHOD_MATCH = YES;
				"CODE_SIGN_IDENTITY[sdk=iphoneos*]" = "iPhone Developer";
				COPY_PHASE_STRIP = NO;
				DEBUG_INFORMATION_FORMAT = "dwarf-with-dsym";
				ENABLE_NS_ASSERTIONS = NO;
				ENABLE_STRICT_OBJC_MSGSEND = YES;
				GCC_C_LANGUAGE_STANDARD = gnu99;
				GCC_NO_COMMON_BLOCKS = YES;
				GCC_WARN_64_TO_32_BIT_CONVERSION = YES;
				GCC_WARN_ABOUT_RETURN_TYPE = YES_ERROR;
				GCC_WARN_UNDECLARED_SELECTOR = YES;
				GCC_WARN_UNINITIALIZED_AUTOS = YES_AGGRESSIVE;
				GCC_WARN_UNUSED_FUNCTION = YES;
				GCC_WARN_UNUSED_VARIABLE = YES;
				IPHONEOS_DEPLOYMENT_TARGET = 10.3;
				MTL_ENABLE_DEBUG_INFO = NO;
				SDKROOT = iphoneos;
				VALIDATE_PRODUCT = YES;
			};
			name = Release;
		};
		82E0BF1A1E9B6C0400260F2F /* Debug */ = {
			isa = XCBuildConfiguration;
			buildSettings = {
				ASSETCATALOG_COMPILER_APPICON_NAME = AppIcon;
				DEVELOPMENT_TEAM = B7DSM4C9Q2;
				INFOPLIST_FILE = DownloaderDemo/Info.plist;
				LD_RUNPATH_SEARCH_PATHS = "$(inherited) @executable_path/Frameworks";
				PRODUCT_BUNDLE_IDENTIFIER = cn.com.ccoopfs.DownloaderDemo;
				PRODUCT_NAME = "$(TARGET_NAME)";
			};
			name = Debug;
		};
		82E0BF1B1E9B6C0400260F2F /* Release */ = {
			isa = XCBuildConfiguration;
			buildSettings = {
				ASSETCATALOG_COMPILER_APPICON_NAME = AppIcon;
				DEVELOPMENT_TEAM = B7DSM4C9Q2;
				INFOPLIST_FILE = DownloaderDemo/Info.plist;
				LD_RUNPATH_SEARCH_PATHS = "$(inherited) @executable_path/Frameworks";
				PRODUCT_BUNDLE_IDENTIFIER = cn.com.ccoopfs.DownloaderDemo;
				PRODUCT_NAME = "$(TARGET_NAME)";
			};
			name = Release;
		};
/* End XCBuildConfiguration section */

/* Begin XCConfigurationList section */
		82E0BEFD1E9B6C0400260F2F /* Build configuration list for PBXProject "DownloaderDemo" */ = {
			isa = XCConfigurationList;
			buildConfigurations = (
				82E0BF171E9B6C0400260F2F /* Debug */,
				82E0BF181E9B6C0400260F2F /* Release */,
			);
			defaultConfigurationIsVisible = 0;
			defaultConfigurationName = Release;
		};
		82E0BF191E9B6C0400260F2F /* Build configuration list for PBXNativeTarget "DownloaderDemo" */ = {
			isa = XCConfigurationList;
			buildConfigurations = (
				82E0BF1A1E9B6C0400260F2F /* Debug */,
				82E0BF1B1E9B6C0400260F2F /* Release */,
			);
			defaultConfigurationIsVisible = 0;
			defaultConfigurationName = Release;
		};
/* End XCConfigurationList section */
	};
	rootObject = 82E0BEFA1E9B6C0400260F2F /* Project object */;
}
